{
  "projects": [
    {
      "projectId": "xfguyo8p9zs8FxMdioQAoN",
      "version": "0.19.0",
      "dependencies": {},
      "lang": "js",
      "fileLocks": [
        {
          "assetId": "xfguyo8p9zs8FxMdioQAoN",
          "type": "projectCss",
          "checksum": "1677c7b52f97b92e7b2e7d105b7c98ef"
        },
        {
          "assetId": "xfguyo8p9zs8FxMdioQAoN",
          "checksum": "4a7e9955fced0a04a0989c7fb4206041",
          "type": "globalContexts"
        }
      ],
      "codegenVersion": "0.0.1"
    },
    {
      "projectId": "58GpZjZCWTaJ8AUhpCwt2K",
      "version": "3.17.0",
      "dependencies": {},
      "lang": "js",
      "fileLocks": [
        {
          "assetId": "58GpZjZCWTaJ8AUhpCwt2K",
          "type": "projectCss",
          "checksum": "fd84921cc10936e6ceb458c2ae01c4bd"
        }
      ],
      "codegenVersion": "0.0.1"
    },
    {
      "projectId": "7nJ7UcFmq9UzB6eXfC5z4a",
      "version": "0.18.0",
      "dependencies": {},
      "lang": "js",
      "fileLocks": [
        {
          "assetId": "7nJ7UcFmq9UzB6eXfC5z4a",
          "type": "projectCss",
          "checksum": "05587b57f22f0ec8bb54543deb39762e"
        }
      ],
      "codegenVersion": "0.0.1"
    },
    {
      "projectId": "YUiM7yqBWAqsh8KSnrdj7",
      "version": "0.20.0",
      "dependencies": {},
      "lang": "js",
      "fileLocks": [
        {
          "assetId": "YUiM7yqBWAqsh8KSnrdj7",
          "type": "projectCss",
          "checksum": "dac72600b04b6e6a3014e82512a15fe1"
        }
      ],
      "codegenVersion": "0.0.1"
    },
    {
      "projectId": "9Vr5YWkf3w7jj6SsTcCEta",
      "version": "0.1.0",
      "dependencies": {},
      "lang": "js",
      "fileLocks": [
        {
          "assetId": "9Vr5YWkf3w7jj6SsTcCEta",
          "type": "projectCss",
          "checksum": "e1ec850476829c38b0f9b6d4f7ac446a"
        }
      ],
      "codegenVersion": "0.0.1"
    },
    {
      "projectId": "jkU633o1Cz7HrJdwdxhVHk",
      "version": "15.3.0",
      "dependencies": {},
      "lang": "js",
      "fileLocks": [
        {
          "assetId": "jkU633o1Cz7HrJdwdxhVHk",
          "type": "projectCss",
          "checksum": "0ae263a3f39b0edbe6d53f733a8b04f1"
        }
      ],
      "codegenVersion": "0.0.1"
    },
    {
      "projectId": "ohDidvG9XsCeFumugENU3J",
      "version": "4.9.0",
      "dependencies": {},
      "lang": "js",
      "fileLocks": [
        {
          "assetId": "ohDidvG9XsCeFumugENU3J",
          "type": "projectCss",
          "checksum": "fd83b730367fdbde2c69bc6cf31c2a3c"
        },
        {
          "assetId": "ohDidvG9XsCeFumugENU3J",
          "checksum": "8f45a75070e2f0edc34a4dc3d5f6b736",
          "type": "globalContexts"
        }
      ],
      "codegenVersion": "0.0.1"
    },
    {
      "projectId": "dXyvLu7j1Po85PHwR2Uoy6",
      "version": "latest",
      "dependencies": {
        "ohDidvG9XsCeFumugENU3J": "4.9.0",
        "jkU633o1Cz7HrJdwdxhVHk": "15.3.0",
        "9Vr5YWkf3w7jj6SsTcCEta": "0.1.0",
        "YUiM7yqBWAqsh8KSnrdj7": "0.20.0",
        "7nJ7UcFmq9UzB6eXfC5z4a": "0.18.0",
        "58GpZjZCWTaJ8AUhpCwt2K": "3.17.0",
        "xfguyo8p9zs8FxMdioQAoN": "0.19.0"
      },
      "lang": "js",
      "fileLocks": [
        {
          "type": "globalVariant",
          "assetId": "PRlysB5iYETU",
          "checksum": "28880f08921886e9f8905727ac281112"
        },
        {
          "assetId": "dXyvLu7j1Po85PHwR2Uoy6",
          "type": "projectCss",
          "checksum": "5835653b76e376637d4cb3d8d63e2f29"
        },
        {
          "assetId": "dXyvLu7j1Po85PHwR2Uoy6",
          "checksum": "578b93e0455ed862617597ebccb73a09",
          "type": "globalContexts"
        },
        {
          "type": "renderModule",
          "assetId": "E_h4tPgm0Ut",
          "checksum": "86f95a0229cb19774760a49aff063043"
        },
        {
          "type": "cssRules",
          "assetId": "E_h4tPgm0Ut",
          "checksum": "86f95a0229cb19774760a49aff063043"
        },
        {
          "type": "renderModule",
          "assetId": "HL0xL_9I3Xn",
          "checksum": "d5686e9883678e319722fdcdb7565353"
        },
        {
          "type": "cssRules",
          "assetId": "HL0xL_9I3Xn",
          "checksum": "d5686e9883678e319722fdcdb7565353"
        },
        {
          "type": "renderModule",
          "assetId": "OykjTNwBMTc",
          "checksum": "965502cc430ecb38eb8b2cfe0d9c09a7"
        },
        {
          "type": "cssRules",
          "assetId": "OykjTNwBMTc",
          "checksum": "965502cc430ecb38eb8b2cfe0d9c09a7"
        },
        {
          "type": "renderModule",
          "assetId": "AtHLQN2bcfkz",
          "checksum": "454f97c6a4c7b265b4558ae2080367d0"
        },
        {
          "type": "cssRules",
          "assetId": "AtHLQN2bcfkz",
          "checksum": "454f97c6a4c7b265b4558ae2080367d0"
        },
        {
          "type": "renderModule",
          "assetId": "0oRBHM_nRQ2h",
          "checksum": "91c4b6dff226d5fe298aa385a9f66849"
        },
        {
          "type": "cssRules",
          "assetId": "0oRBHM_nRQ2h",
          "checksum": "91c4b6dff226d5fe298aa385a9f66849"
        },
        {
          "type": "renderModule",
          "assetId": "20nRn2NlYoc1",
          "checksum": "fdd34285b47e6d38baae63d90f25bb5e"
        },
        {
          "type": "cssRules",
          "assetId": "20nRn2NlYoc1",
          "checksum": "fdd34285b47e6d38baae63d90f25bb5e"
        },
        {
          "type": "renderModule",
          "assetId": "hDAqCE24Q6sj",
          "checksum": "a80629dbb7c5861f969328a263f68dd8"
        },
        {
          "type": "cssRules",
          "assetId": "hDAqCE24Q6sj",
          "checksum": "a80629dbb7c5861f969328a263f68dd8"
        },
        {
          "type": "renderModule",
          "assetId": "r9gkqCd2Tt2k",
          "checksum": "556c7e03725ddebc5431f79f81944e8b"
        },
        {
          "type": "cssRules",
          "assetId": "r9gkqCd2Tt2k",
          "checksum": "556c7e03725ddebc5431f79f81944e8b"
        },
        {
          "type": "icon",
          "assetId": "F2xiB46suwHU",
          "checksum": "d0af2bea09a1dd06cfc89f70acf4bb12"
        },
        {
          "type": "icon",
          "assetId": "qKnnnofJVG7B",
          "checksum": "a8f52ae8265ffd7d24ca96fc7f74183f"
        },
        {
          "type": "icon",
          "assetId": "QP9ZcwlQ488p",
          "checksum": "ba28b3f33af15eb4faeed2be13716680"
        },
        {
          "type": "icon",
          "assetId": "dK-PiMrsjv2E",
          "checksum": "1da343521820f7c6ea57cd8373319d57"
        },
        {
          "type": "icon",
          "assetId": "mDDULHvTBH4n",
          "checksum": "49d6734a9a66c3f2ba7ce77beead6ab5"
        },
        {
          "type": "icon",
          "assetId": "NsUyZTGzS_UE",
          "checksum": "18a2857ad7c6f7f36dc140215a0f2226"
        },
        {
          "type": "icon",
          "assetId": "fPFeR0cUxtTp",
          "checksum": "f1514e7450a16ec12a4c741abc57854f"
        },
        {
          "type": "icon",
          "assetId": "lb5egmS2VGJp",
          "checksum": "8736610467d43733f54bad550d4c0d8b"
        },
        {
          "type": "icon",
          "assetId": "ZRH4ZRzpAg4E",
          "checksum": "f9ea792628cab6ac26799f678e913168"
        },
        {
          "type": "icon",
          "assetId": "4nZrYbxxEBNL",
          "checksum": "fe2f63a669116269055b94ed9da46fdf"
        },
        {
          "type": "icon",
          "assetId": "OBV0ytHAvoXU",
          "checksum": "a46ad1e348c4766ef9bfffab5e34f7f3"
        },
        {
          "type": "icon",
          "assetId": "OXmKNgIrnV06",
          "checksum": "5cea1f8f2d7b17d3e8ba990d471041c1"
        },
        {
          "type": "icon",
          "assetId": "X4MSvGv-oTsV",
          "checksum": "390cad546ddd0f5a2eba7d6e28f5d310"
        },
        {
          "type": "icon",
          "assetId": "wl7Q-6dy2j84",
          "checksum": "c005ec0be57da3bac71109d04211989a"
        },
        {
          "type": "icon",
          "assetId": "LkHaEAPYTFiI",
          "checksum": "23f9d5de7f1c82cb4238a4db61a8a505"
        },
        {
          "type": "icon",
          "assetId": "JI4s1RJ1gKdT",
          "checksum": "2ddcf00ae8e50a97f64d2dd6c6182d17"
        },
        {
          "type": "icon",
          "assetId": "pZ8msg446zK1",
          "checksum": "b7a39e7b82fff827c47d49324973a568"
        },
        {
          "type": "icon",
          "assetId": "P6JdNvLQvD6n",
          "checksum": "477b9d1b8347cf599ff298b28b561ece"
        },
        {
          "type": "icon",
          "assetId": "Zob3a-AsyamF",
          "checksum": "04ba193e665b9ac925b62ebf298893ab"
        },
        {
          "type": "icon",
          "assetId": "ib3_77JLgj-D",
          "checksum": "e32786483793923c8930f6e4a30e803d"
        },
        {
          "type": "icon",
          "assetId": "hRTnGOFPfnEo",
          "checksum": "e33501d00b0295156637bfb16cfd586c"
        },
        {
          "type": "icon",
          "assetId": "PQFALSMM360t",
          "checksum": "805cda159171e7ef3bbbdc71875f4c53"
        },
        {
          "type": "icon",
          "assetId": "t5RUWj1hUqLc",
          "checksum": "f00e2824862534229279f23ca7b2526e"
        },
        {
          "type": "icon",
          "assetId": "KS_IFtGlBw5a",
          "checksum": "4d05ddd9849844ff895e6fb81188c6db"
        },
        {
          "type": "icon",
          "assetId": "FxFPPiwOrRHg",
          "checksum": "ff5bbb774ff3874743fd473b419117d6"
        },
        {
          "type": "icon",
          "assetId": "8ovSQfoxAxU7",
          "checksum": "0045d64394d98d875f89b6f1efc79334"
        },
        {
          "type": "icon",
          "assetId": "NpWHMZRxXxF8",
          "checksum": "01702ac9c14bb0d5f53ebae027ef3bcf"
        },
        {
          "type": "icon",
          "assetId": "S7vWi3cFbkxM",
          "checksum": "5c0e880726b302ee0d8f198f12edadee"
        },
        {
          "type": "icon",
          "assetId": "s0UARrtqBPWT",
          "checksum": "cb008888d2452626df6008458b9b8748"
        },
        {
          "type": "icon",
          "assetId": "3XBD3ulcVhkv",
          "checksum": "90988aa1a9c6519d202baae6451c502d"
        },
        {
          "type": "icon",
          "assetId": "4CYF6gihOuuB",
          "checksum": "bc9590678eae56ce4daaac35dbebb7e9"
        },
        {
          "type": "icon",
          "assetId": "QaMpWq--Q0oH",
          "checksum": "c3d26afa119b9617c1c3d57c6bfd8ce5"
        },
        {
          "type": "icon",
          "assetId": "XzYn0bVQUJB9",
          "checksum": "0b72c5934f69c64ff9a7692baf3a41e6"
        },
        {
          "type": "icon",
          "assetId": "8cBBq5AKpX3i",
          "checksum": "b5fceb218454f58c4e7d2674106dac0e"
        },
        {
          "type": "icon",
          "assetId": "v50cXDe2hqot",
          "checksum": "66dbf716ce81c5e4cbafb8f2f095c801"
        },
        {
          "type": "icon",
          "assetId": "TU10tenGiP-4",
          "checksum": "ad68e9deab32916e818f10826f24f5b7"
        },
        {
          "type": "icon",
          "assetId": "ToCrGcnGAQmo",
          "checksum": "e858ee78b8f5616a4323db0d01ddc9e2"
        },
        {
          "type": "icon",
          "assetId": "0HKKWF6gmwwA",
          "checksum": "4ae692877dceb0bbd7de2ba41a5a2e17"
        },
        {
          "type": "icon",
          "assetId": "nAe8nSAA2k35",
          "checksum": "325e29c018e10e732e479da9836ccded"
        },
        {
          "type": "icon",
          "assetId": "UI8duhqLAB-r",
          "checksum": "f5cd31b6844baaf3e5a965862f2c49c2"
        },
        {
          "type": "icon",
          "assetId": "25h3Pfx-_Kgp",
          "checksum": "cf47ab7c234922ebd16a3cbb675f81b0"
        },
        {
          "type": "icon",
          "assetId": "YpKzwcYzuEJE",
          "checksum": "d67386eb5985b3b69970690c8f32dbc6"
        },
        {
          "type": "icon",
          "assetId": "1ugBef2k48TF",
          "checksum": "46b2a658bc946d3829c9b80da40e92bc"
        },
        {
          "type": "icon",
          "assetId": "A6XRffB7rL_4",
          "checksum": "7f27136d816dffd58d67148563d42af2"
        },
        {
          "type": "icon",
          "assetId": "c5v2vAZfhhNP",
          "checksum": "b233c71e9ff361b050f3828926588e29"
        },
        {
          "type": "image",
          "assetId": "bYUWSOqBobRM",
          "checksum": "eaeb54ea2161ac0fc614d31c1b182159"
        },
        {
          "type": "image",
          "assetId": "cPupovUrnpaJ",
          "checksum": "65577c69d18933abc34b2c20b1ec5de4"
        },
        {
          "type": "image",
          "assetId": "e0V1-Vlymb6_",
          "checksum": "ec57e997b91944ecae7a512f7b480e2f"
        },
        {
          "type": "image",
          "assetId": "_iI-hMF0Re5n",
          "checksum": "56129001e37fec559d13f0dd2b83e42b"
        },
        {
          "type": "image",
          "assetId": "5O087HcVNI6G",
          "checksum": "73fbc976fa86d1ad5194b665e8137aa6"
        },
        {
          "type": "image",
          "assetId": "KQEwbX83hkZ5",
          "checksum": "2f5fede0fb1fdcb2e0385c501cfd85f1"
        },
        {
          "type": "image",
          "assetId": "bIx66TYJlihs",
          "checksum": "6aab31e2ae6b341b50e3bd4463fa3532"
        },
        {
          "type": "image",
          "assetId": "rUbMpbI2agK7",
          "checksum": "1420455c9abe2bfa15ba6d91c6bed87d"
        },
        {
          "type": "image",
          "assetId": "LdcGZWRAek46",
          "checksum": "8bb5e85eb38d1846ff375c60cdfdc66e"
        },
        {
          "type": "image",
          "assetId": "vRXOFVyGkFYU",
          "checksum": "c8851c4553bbf9846e779681619035a2"
        },
        {
          "type": "image",
          "assetId": "II6ZhLlAtiyZ",
          "checksum": "559eb20f455e62dd5c27fab435fd9423"
        },
        {
          "type": "image",
          "assetId": "KdZObZnXmdiD",
          "checksum": "2ba70bd1cd247580d0529e04d6310174"
        },
        {
          "type": "image",
          "assetId": "9aOr9xA5KoC8",
          "checksum": "59d4064f379adce42c84d057ca7d99ab"
        },
        {
          "type": "image",
          "assetId": "O9ZN7ms5Gtqj",
          "checksum": "e4c03bf352bc68f20d72d83ae5dc6b28"
        },
        {
          "type": "image",
          "assetId": "TLi_kCYNAzeT",
          "checksum": "d9f91904196fa8c2d35e627c1aa55f52"
        },
        {
          "type": "image",
          "assetId": "X3YBslN5M5LD",
          "checksum": "f218ab462e4582a6af559c7126c8637f"
        },
        {
          "type": "image",
          "assetId": "URa1cCce_Fc0",
          "checksum": "10cc92c4697862a55d88537cf67b1674"
        },
        {
          "type": "image",
          "assetId": "xO36zaVVpRXF",
          "checksum": "64f94bfa86e99f964b52ee880495e298"
        },
        {
          "type": "image",
          "assetId": "bO6MKniW2pzg",
          "checksum": "e43d684aca9cf375e2c3df515570305f"
        },
        {
          "type": "image",
          "assetId": "0-lXd_qLWbPB",
          "checksum": "47f36eb5e8d3a4d6bc3b27f94e463537"
        },
        {
          "type": "image",
          "assetId": "Yl6tDPgpc7DC",
          "checksum": "892ce9c1d3ee86f59916fe8b058fa02c"
        },
        {
          "type": "image",
          "assetId": "0axBhgBH0ShF",
          "checksum": "6d4722954762980a22a895d011f08a39"
        },
        {
          "type": "image",
          "assetId": "1wVoEBjK6iHt",
          "checksum": "8b4715e31089ed228e05a8f39487decb"
        },
        {
          "type": "image",
          "assetId": "QewdDlh-KN0J",
          "checksum": "a56d6591c64d1fe37205603654ea151f"
        },
        {
          "type": "image",
          "assetId": "IHr8vA6e_gMb",
          "checksum": "2dd15d1cf140005adb83ce8f88e5f911"
        },
        {
          "type": "image",
          "assetId": "YkcfHTHgVP86",
          "checksum": "b69496a0f128c6f98266cf9dfd20fa86"
        },
        {
          "type": "image",
          "assetId": "FDIaQXgMl2ZN",
          "checksum": "ccaec24d36176fca16532eaf8079629f"
        },
        {
          "type": "image",
          "assetId": "qmPLJA5Qc9Cr",
          "checksum": "cd290f4d81ac176bdcacb7af52b2c0ea"
        },
        {
          "type": "image",
          "assetId": "M4Eh3fvKVBaJ",
          "checksum": "d5eb482b96275c8a0f62f9781dd7d30a"
        },
        {
          "type": "image",
          "assetId": "tEcMeN_Su5x2",
          "checksum": "b3744952afc2a96101070a8d753152bb"
        },
        {
          "type": "image",
          "assetId": "gYyl8MTGXrgh",
          "checksum": "a99c2c47996618d0870e056e96746fea"
        },
        {
          "type": "image",
          "assetId": "XVDsacIpMtF6",
          "checksum": "3951f9efa132cf1155c0812d366ec638"
        },
        {
          "type": "image",
          "assetId": "GKuY2syxGfo4",
          "checksum": "11188ddc0b92b0cc48a5160f3705c145"
        },
        {
          "type": "image",
          "assetId": "VCN08Gh0r4LP",
          "checksum": "4ac5f854dc6ac5a7bfcb5bcfa5c77109"
        },
        {
          "type": "image",
          "assetId": "KSMujQgAaEaI",
          "checksum": "22cfd299bfaba6d529906783457bece0"
        },
        {
          "type": "image",
          "assetId": "RFeCBkmRKjEN",
          "checksum": "2b7b5225eb61bd188597e7be69b7e1ad"
        },
        {
          "type": "image",
          "assetId": "8mVIsSJgo5Z-",
          "checksum": "ef2e4de132adf7dcbce880ec50ada14c"
        },
        {
          "type": "image",
          "assetId": "nvATSW_OVGDp",
          "checksum": "b9e26926e589d8669c1cc059de9fb7ad"
        },
        {
          "type": "image",
          "assetId": "4BfFbB9P80rk",
          "checksum": "49e0b29525af01fece42206f9f96f9fa"
        },
        {
          "type": "image",
          "assetId": "4KQbGDh0OH_v",
          "checksum": "f30742671ccee6650658f15a3e67d466"
        },
        {
          "type": "image",
          "assetId": "7YSyt13KZoWS",
          "checksum": "43c4e1e5bc837348075fb196fd46369f"
        },
        {
          "type": "image",
          "assetId": "mku4MgcMpTiw",
          "checksum": "93faa29585f5d60df191a04e03274c69"
        },
        {
          "type": "image",
          "assetId": "uuvI03Cuty4K",
          "checksum": "9a1ad79a310152d64ef63bede1f94334"
        },
        {
          "type": "image",
          "assetId": "FfDwZ3qmyYIl",
          "checksum": "89259ba55d6684eaf5436e82ac8a4683"
        },
        {
          "type": "image",
          "assetId": "cNauGHYQnclY",
          "checksum": "36d667b6cfa31ec9a3a0551f33c9d135"
        },
        {
          "type": "image",
          "assetId": "-IYQ5lkBhto_",
          "checksum": "32f1f4dd64d14d4480462122887395c4"
        },
        {
          "type": "image",
          "assetId": "0Z9MV9Lf7eRF",
          "checksum": "a67f226434906ffcee6d5fbd64d98e73"
        },
        {
          "type": "image",
          "assetId": "Y0oMlMvMH9E2",
          "checksum": "a98a331f7f6af91ee1ca6e0e6ec9dec2"
        },
        {
          "type": "image",
          "assetId": "KvVsjHh7LZsA",
          "checksum": "dc4bbafcb60ddd0dfd843de14c041313"
        },
        {
          "type": "image",
          "assetId": "1XHVbBEP5qiH",
          "checksum": "5029060fa937fbd1ff82e9805dab7982"
        },
        {
          "type": "image",
          "assetId": "ZRP4xMKWtvwJ",
          "checksum": "9bec983f4650182fe553c5ed9a39db7e"
        },
        {
          "type": "image",
          "assetId": "PRCxyJumyjjw",
          "checksum": "f8060a5a170a00d1db244316a040ff2b"
        },
        {
          "type": "image",
          "assetId": "-CD2-fPIyiqW",
          "checksum": "9786516b01d466bac52f09c408c55413"
        },
        {
          "type": "image",
          "assetId": "vht2DTfnSJG-",
          "checksum": "e7084eb6642b5ccf264a203734142c47"
        },
        {
          "type": "image",
          "assetId": "3Phc7d3Td-IS",
          "checksum": "e847ed941891599d5fa7d96af116f0fb"
        },
        {
          "type": "image",
          "assetId": "xVOvCPpDHBV5",
          "checksum": "f627fdcc2d83b080f886d7432f74ac43"
        },
        {
          "type": "image",
          "assetId": "Gddtf4UlNzVX",
          "checksum": "bad5ddfa859c5eaa18d0f7c9de124d72"
        },
        {
          "type": "image",
          "assetId": "WjLfxrSnsm60",
          "checksum": "cede19197f90134edd61801f03427038"
        },
        {
          "type": "image",
          "assetId": "b_xz7XUs3nJk",
          "checksum": "64e7f0e166390491ccfd10e397863c98"
        },
        {
          "type": "image",
          "assetId": "KyvsXzT-ndfv",
          "checksum": "00199c4270e50dfec3c01f07d48d6be3"
        },
        {
          "type": "image",
          "assetId": "u3saImeGNmzA",
          "checksum": "acdc4158d21070b54dbe1c8957df2236"
        },
        {
          "type": "image",
          "assetId": "VXeJCG087stE",
          "checksum": "0d652d2f264a7279b621dcae9158bc6c"
        },
        {
          "type": "image",
          "assetId": "9kEyqpRKfgQN",
          "checksum": "4f747cac5975ba4bc7333a030a3dd1fe"
        },
        {
          "type": "image",
          "assetId": "VAI4cBXJha7Q",
          "checksum": "a7e21877f546e52b3b446e3a7e02ef91"
        },
        {
          "type": "image",
          "assetId": "zUftnppYyHq9",
          "checksum": "4b0ffb2b5225b01856b418862b706ce3"
        },
        {
          "type": "image",
          "assetId": "5I4NcmMKrMdz",
          "checksum": "d0e8c6b8980c54fe946cc6b6f6235e34"
        },
        {
          "type": "image",
          "assetId": "nRr0dd2bojFg",
          "checksum": "1de82188717e81f586ef9b78f5cb47ea"
        },
        {
          "type": "image",
          "assetId": "ZsG9uEZik-Fs",
          "checksum": "c2ac155682b8da8d7b5e421ed6eb3277"
        },
        {
          "type": "image",
          "assetId": "YfZKmgucVksb",
          "checksum": "9e6988f4707402b745d2fee1c26a9d55"
        },
        {
          "type": "image",
          "assetId": "ACa2mKn1y2og",
          "checksum": "c65f1024f8be98a9ee9a7d7762183329"
        },
        {
          "type": "image",
          "assetId": "kl7I6ugR2YOT",
          "checksum": "20072828d1a1f9ef2c6e0e28c582a36c"
        },
        {
          "type": "image",
          "assetId": "tY8gJ0k5lN8Q",
          "checksum": "aea7b899a645f1e6ef108f60d3644acd"
        },
        {
          "type": "image",
          "assetId": "AzXJgXDZoZNb",
          "checksum": "386a7b7053c4104d0cfc6b54f2ad41db"
        },
        {
          "type": "image",
          "assetId": "KEg1N5pfMlZI",
          "checksum": "f258ec4535c25c913a2f242d13f1f4a3"
        },
        {
          "type": "image",
          "assetId": "DAC_AyYVnHEz",
          "checksum": "ba615959f0d1afe5cf244dbb5fef097b"
        },
        {
          "type": "image",
          "assetId": "6mh1uRWtW4Hx",
          "checksum": "25119565d5583312655d13f5731f5032"
        },
        {
          "type": "image",
          "assetId": "FC4uqN4SiO67",
          "checksum": "5ad2d5d3a8fdea60bba334359da02748"
        },
        {
          "type": "image",
          "assetId": "qbjwa4P2fESO",
          "checksum": "4c3886ccf1cf1910e9d70322c39e0a99"
        },
        {
          "type": "image",
          "assetId": "qxvUZi9ri6D9",
          "checksum": "0e16dc7265df0b7a8e56e05af2be2ac5"
        },
        {
          "type": "image",
          "assetId": "uMgOTiONrjx5",
          "checksum": "244fe181a29102b7ea78811eb214b5ec"
        },
        {
          "type": "image",
          "assetId": "xtDoDGHd-F_A",
          "checksum": "aad75413ee30381b71df93fcbef2426c"
        },
        {
          "type": "image",
          "assetId": "xzG80UkpvDjt",
          "checksum": "a79ff3e611e24b49e9a128ed305ac539"
        },
        {
          "type": "image",
          "assetId": "5SqH8J8x-e9w",
          "checksum": "17d76eb7a88e9f0b362b7dd0355e3042"
        },
        {
          "type": "image",
          "assetId": "FckF_tl8gqhB",
          "checksum": "fbc56fc61d0e5e551ad0f90e1bb6c586"
        },
        {
          "type": "image",
          "assetId": "FM2OhbSjeoMN",
          "checksum": "215f75abf1778420ca013fd9bb3ed27c"
        },
        {
          "type": "image",
          "assetId": "O_XZltHm1Nu0",
          "checksum": "7000f8e391554c37b5c2baf2c05c1da9"
        },
        {
          "type": "image",
          "assetId": "ZJeZsATOd-4A",
          "checksum": "5775171d5257cb70d76efa0b1f1d5fdc"
        },
        {
          "type": "image",
          "assetId": "yQMouyxUf8ut",
          "checksum": "0d7bd6a9d5900fa6d200cda654b92b55"
        },
        {
          "type": "image",
          "assetId": "yJsgnW70i-74",
          "checksum": "4e42130c9879885b6b56e0ce6ffef314"
        },
        {
          "type": "image",
          "assetId": "wm1hhRAmZ8-t",
          "checksum": "dfc48dcb92bb5cbac2aaac28bc8b72c6"
        },
        {
          "type": "image",
          "assetId": "vZfihmZD_cZW",
          "checksum": "948520c0e88c5b60fdb145f1630242e1"
        },
        {
          "type": "image",
          "assetId": "yEGX0nkPseR9",
          "checksum": "bbd9fb80cb0317bf5bf59f6dbc31ca79"
        },
        {
          "type": "image",
          "assetId": "KkTaKiG53C3E",
          "checksum": "d6a07ef11ba783d9821929a563788271"
        },
        {
          "type": "image",
          "assetId": "iPIH1D5c9rVH",
          "checksum": "8106d1f034f9c3878cec1291e3263273"
        },
        {
          "type": "image",
          "assetId": "N2XfTMq8Gqpx",
          "checksum": "60c6784e74c3af42c277a871e5fe811c"
        },
        {
          "type": "image",
          "assetId": "Bij7qQujw1CW",
          "checksum": "15577f11416820e95cb5289b556e09be"
        },
        {
          "type": "image",
          "assetId": "4p7_pXTKk7HW",
          "checksum": "37527ae9bc95c1b725fefa7f57b15c3a"
        },
        {
          "type": "image",
          "assetId": "l1pQfkdCdAZ3",
          "checksum": "451fb24631e933e8c353895095911eaf"
        },
        {
          "type": "image",
          "assetId": "a5r44zU9RV92",
          "checksum": "5b81f776d0d7314a2a0ec76c0c02d4f1"
        },
        {
          "type": "image",
          "assetId": "SuWBtZZgpyii",
          "checksum": "f9aa81e245710f9907fe17ae9229ec5e"
        },
        {
          "type": "image",
          "assetId": "_2LJMRhDTFX2",
          "checksum": "58b3a1b7591639621adc063f258b8836"
        },
        {
          "type": "image",
          "assetId": "qNFL-YB0hyCj",
          "checksum": "861b687a8fae42c761089e8eaa15d046"
        },
        {
          "type": "image",
          "assetId": "g53k1Rph2YW6",
          "checksum": "38a659eec6df2798f3fd14083617bdc8"
        },
        {
          "type": "image",
          "assetId": "mN6lOYe9A4Qn",
          "checksum": "f1f2aab5aa8fe7b73030d4dd2d951622"
        },
        {
          "type": "image",
          "assetId": "KpTw7DDG7d3i",
          "checksum": "d5a06d479cb8fa231607dd8a54f3dbd0"
        },
        {
          "type": "image",
          "assetId": "fipImb0bxCcE",
          "checksum": "fa41aff812a8c7354bfc0181b6c3ee05"
        },
        {
          "type": "image",
          "assetId": "aeV7OfIW8DJZ",
          "checksum": "bbb7674590a502c0c38049a4eb5b4fd9"
        },
        {
          "type": "image",
          "assetId": "fFsOgqX5zaOS",
          "checksum": "f79c1564d645e8d8d5628ddd52054d4e"
        },
        {
          "type": "image",
          "assetId": "xmyUKs0oUDMW",
          "checksum": "9230a5cf49f69d1bab77d94d234b3fcd"
        },
        {
          "type": "image",
          "assetId": "de_lNGV7X7wZ",
          "checksum": "060c21ddbdb22d231db5ef19764d5f1c"
        },
        {
          "type": "image",
          "assetId": "hyDCcxQzayPR",
          "checksum": "c6edbeda177c1a11940a2ad8be6a2a5f"
        },
        {
          "type": "image",
          "assetId": "KfiSw5Y75QbB",
          "checksum": "27793cae814de69475f687cdd872852e"
        },
        {
          "type": "image",
          "assetId": "MoaAB1lAmTMc",
          "checksum": "6cb2650379354bb1fc2fcfc4a514ff6b"
        },
        {
          "type": "image",
          "assetId": "vas_RfESCuel",
          "checksum": "dc83aef0fa65dfa740e49f1ff623f324"
        },
        {
          "type": "image",
          "assetId": "HTjLVo7zybd7",
          "checksum": "b303c3d16a52b4e8eedf535798650d12"
        },
        {
          "type": "image",
          "assetId": "_O7sJ1Rv9qLq",
          "checksum": "5ce760f8f409b07caf06343bbc6922a5"
        },
        {
          "type": "image",
          "assetId": "ztyFHZyuWZMs",
          "checksum": "900fd49d323835405bc48b492df7316c"
        },
        {
          "type": "image",
          "assetId": "GJNnkGCGdw6A",
          "checksum": "70fe1d961a3e1b6a95c22bd03b4d1780"
        },
        {
          "type": "image",
          "assetId": "8r1agAbgn4bM",
          "checksum": "827ff588e48bf6818d1010a5089caa2b"
        },
        {
          "type": "image",
          "assetId": "9zP3NAn4WD3j",
          "checksum": "18f0f79fe354727bb632be3e85b9de9c"
        },
        {
          "type": "image",
          "assetId": "cAH26QK6DAeS",
          "checksum": "2b198e666b3f524ca820832fbeee7e10"
        },
        {
          "type": "image",
          "assetId": "EQskEjdCyay1",
          "checksum": "78ad615375796d79d4078c754a1364fe"
        },
        {
          "type": "image",
          "assetId": "7F9ig4u4p1-W",
          "checksum": "9cfa4b1115c235d52f147065a72cdf35"
        },
        {
          "type": "image",
          "assetId": "KtKLi5KoDfh6",
          "checksum": "6479ded98f0e63af6f549bc0af4517dc"
        },
        {
          "type": "image",
          "assetId": "9dtZ6wOoZpkM",
          "checksum": "2197d042acad608688303953b6f53462"
        },
        {
          "type": "image",
          "assetId": "bxLqnHFKn__g",
          "checksum": "412decab9fb488a70630edc03dd700fb"
        },
        {
          "type": "image",
          "assetId": "J6cwiqDptRuJ",
          "checksum": "163586153b208a8f90cefb7ab7501344"
        },
        {
          "type": "image",
          "assetId": "-bQFZROtukis",
          "checksum": "f1e2ef79393a64b6e3ce7b1faac110e5"
        },
        {
          "type": "image",
          "assetId": "bs8Mi6woo-kQ",
          "checksum": "017c87775aee48c8ae2e24954c62c2ad"
        },
        {
          "type": "image",
          "assetId": "_kD16QFPOxYc",
          "checksum": "5217c0900718f7b2ea138cb514993ae4"
        },
        {
          "type": "image",
          "assetId": "cMOPkk_ScCxC",
          "checksum": "ada3dc8040881222810dcdc9ba41dbd4"
        },
        {
          "type": "image",
          "assetId": "RdN9jXpV0_f3",
          "checksum": "874b59af4354438688bf24fc0f7a08db"
        },
        {
          "type": "image",
          "assetId": "C2ZH6c3iWOvi",
          "checksum": "77db2efa5fc3aaf34d1d9cc74b83d38d"
        },
        {
          "type": "image",
          "assetId": "dfrauQ1i5K6n",
          "checksum": "58920164838abcc2ed72e8acc9cc505f"
        },
        {
          "type": "image",
          "assetId": "ZaZULNWo4NZy",
          "checksum": "9d22dfee92a00c61b07cc4545b07aa94"
        },
        {
          "type": "image",
          "assetId": "ElhOqAODGixu",
          "checksum": "0e4f9e243b2a7f0e09230afd0fb5e07e"
        },
        {
          "type": "image",
          "assetId": "dTzEWuZcaQBE",
          "checksum": "86f0f1ca74e3cfbe39d96e2f1a034e90"
        },
        {
          "type": "image",
          "assetId": "-0rjxL1OKdas",
          "checksum": "af72636ab19c28e9bcf2f006e92cdae1"
        },
        {
          "type": "image",
          "assetId": "2p8AYamlDGwj",
          "checksum": "3488c7212b4a4241e5847f21217b1e90"
        },
        {
          "type": "image",
          "assetId": "bEIbvANz8VQW",
          "checksum": "d4d2d1a326cced90802ddfb77fc4d1fc"
        },
        {
          "type": "image",
          "assetId": "3XllSF4E8Q1S",
          "checksum": "b0d1e03f24117d7e7a1173fa245b3306"
        },
        {
          "type": "image",
          "assetId": "yDGulG6Mu4Ux",
          "checksum": "29ab91222495b777b00590e7bb4579b7"
        },
        {
          "type": "image",
          "assetId": "Q6h2PKUmoivT",
          "checksum": "f42f41ebb7474e3bfddef21f2b76fafe"
        },
        {
          "type": "image",
          "assetId": "fh0TwVK--9ST",
          "checksum": "9bd0fe9c5aad741fcd9546e6acbf2873"
        },
        {
          "type": "image",
          "assetId": "Hmsb7sUpnCE9",
          "checksum": "5861aae4b842656c7fb54ce7e74456b2"
        }
      ],
      "codegenVersion": "0.0.1"
    }
  ],
  "cliVersion": "0.1.302"
}
